
Microsoft Visual Studio Solution File, Format Version 12.00
# Visual Studio 15
VisualStudioVersion = 15.0.26430.6
MinimumVisualStudioVersion = 10.0.40219.1
Project("{FAE04EC0-301F-11D3-BF4B-00C04F79EFBC}") = "HelloBuild", "HelloBuild\HelloBuild.csproj", "{4BCAC79A-5D14-436F-8C79-DD14E1DC7FBB}"
EndProject
Global
	GlobalSection(SolutionConfigurationPlatforms) = preSolution
		Debug|Any CPU = Debug|Any CPU
		Release|Any CPU = Release|Any CPU
	EndGlobalSection
	GlobalSection(ProjectConfigurationPlatforms) = postSolution
		{4BCAC79A-5D14-436F-8C79-DD14E1DC7FBB}.Debug|Any CPU.ActiveCfg = Debug|Any CPU
		{4BCAC79A-5D14-436F-8C79-DD14E1DC7FBB}.Debug|Any CPU.Build.0 = Debug|Any CPU
		{4BCAC79A-5D14-436F-8C79-DD14E1DC7FBB}.Release|Any CPU.ActiveCfg = Release|Any CPU
		{4BCAC79A-5D14-436F-8C79-DD14E1DC7FBB}.Release|Any CPU.Build.0 = Release|Any CPU
	EndGlobalSection
	GlobalSection(SolutionProperties) = preSolution
		HideSolutionNode = FALSE
	EndGlobalSection
EndGlobal
